{
  "name": "crox.js",
  "version": "1.0.0",
  "lockfileVersion": 1,
  "requires": true,
  "dependencies": {
    "lisa.utils": {
      "version": "2.4.0",
      "resolved": "https://registry.npmjs.org/lisa.utils/-/lisa.utils-2.4.0.tgz",
      "integrity": "sha512-O3x8UNQzTj5+ePV6/MmkcIivfaZM0Xbb1Te+usWLBJYcrQ43v2yATt81pRQGCycVriOcrovJtMqCAJReW6CiDQ=="
    },
    "marry.js": {
      "version": "1.0.0",
      "resolved": "https://registry.npmjs.org/marry.js/-/marry.js-1.0.0.tgz",
      "integrity": "sha512-X/xKXLX2277Exs62O4GqABSYwTKwOQPq1+NcrROqJjq6Zj7jBE6Jp3GYctnxVqz4JmXw/a5U228eNgde48FEgw==",
      "requires": {
        "lisa.utils": "^2.0.0"
      }
    }
  }
}
